{
  "originHash" : "29bb7202df346a18d8f3722465723c8083f545c488fd02b49843b802b98c0c55",
  "pins" : [
    {
      "identity" : "timelinetableviewcell",
      "kind" : "remoteSourceControl",
      "location" : "https://github.com/kf99916/TimelineTableViewCell.git",
      "state" : {
        "revision" : "ddd74c3f1993cdff68b3b86dac8ffd46b0795dd7",
        "version" : "2.2.2"
      }
    }
  ],
  "version" : 3
}
